
Microsoft Visual Studio Solution File, Format Version 12.00
# Visual Studio 15
VisualStudioVersion = 15.0.28307.168
MinimumVisualStudioVersion = 10.0.40219.1
Project("{FAE04EC0-301F-11D3-BF4B-00C04F79EFBC}") = "EchoServer", "EchoServer\EchoServer.csproj", "{0C240F46-AB61-452F-938C-D0179CAB4347}"
EndProject
Project("{9A19103F-16F7-4668-BE54-9A1E7A4F7556}") = "FastSocketLite.SocketBase", "SocketBase\FastSocketLite.SocketBase.csproj", "{0ABCB3E3-12C0-4CA0-8B9A-7A10A3417D24}"
EndProject
Project("{9A19103F-16F7-4668-BE54-9A1E7A4F7556}") = "FastSocketLite.Server", "Server\FastSocketLite.Server.csproj", "{2B9C7113-93DD-4204-AD1C-957AC9116A96}"
EndProject
Global
	GlobalSection(SolutionConfigurationPlatforms) = preSolution
		Debug|Any CPU = Debug|Any CPU
		Release|Any CPU = Release|Any CPU
	EndGlobalSection
	GlobalSection(ProjectConfigurationPlatforms) = postSolution
		{0C240F46-AB61-452F-938C-D0179CAB4347}.Debug|Any CPU.ActiveCfg = Debug|Any CPU
		{0C240F46-AB61-452F-938C-D0179CAB4347}.Debug|Any CPU.Build.0 = Debug|Any CPU
		{0C240F46-AB61-452F-938C-D0179CAB4347}.Release|Any CPU.ActiveCfg = Release|Any CPU
		{0C240F46-AB61-452F-938C-D0179CAB4347}.Release|Any CPU.Build.0 = Release|Any CPU
		{0ABCB3E3-12C0-4CA0-8B9A-7A10A3417D24}.Debug|Any CPU.ActiveCfg = Debug|Any CPU
		{0ABCB3E3-12C0-4CA0-8B9A-7A10A3417D24}.Debug|Any CPU.Build.0 = Debug|Any CPU
		{0ABCB3E3-12C0-4CA0-8B9A-7A10A3417D24}.Release|Any CPU.ActiveCfg = Release|Any CPU
		{0ABCB3E3-12C0-4CA0-8B9A-7A10A3417D24}.Release|Any CPU.Build.0 = Release|Any CPU
		{2B9C7113-93DD-4204-AD1C-957AC9116A96}.Debug|Any CPU.ActiveCfg = Debug|Any CPU
		{2B9C7113-93DD-4204-AD1C-957AC9116A96}.Debug|Any CPU.Build.0 = Debug|Any CPU
		{2B9C7113-93DD-4204-AD1C-957AC9116A96}.Release|Any CPU.ActiveCfg = Release|Any CPU
		{2B9C7113-93DD-4204-AD1C-957AC9116A96}.Release|Any CPU.Build.0 = Release|Any CPU
	EndGlobalSection
	GlobalSection(SolutionProperties) = preSolution
		HideSolutionNode = FALSE
	EndGlobalSection
	GlobalSection(ExtensibilityGlobals) = postSolution
		SolutionGuid = {868FB565-C408-47FC-B54A-3B7986DFF32E}
	EndGlobalSection
EndGlobal
